
Microsoft Visual Studio Solution File, Format Version 12.00
# Visual Studio Version 17
VisualStudioVersion = 17.1.32228.430
MinimumVisualStudioVersion = 10.0.40219.1
Project("{9A19103F-16F7-4668-BE54-9A1E7A4F7556}") = "Oop101", "Oop101\Oop101.csproj", "{F195380B-8281-4E32-80E5-759506D9361D}"
EndProject
Project("{2150E333-8FDC-42A3-9474-1A3956D46DE8}") = "1. Gün", "1. Gün", "{093E6A59-8968-4BCC-A6B9-D9728A2B6AB7}"
EndProject
Project("{2150E333-8FDC-42A3-9474-1A3956D46DE8}") = "2. Gün", "2. Gün", "{9E712A6D-712E-4473-AA21-0383A315D8B3}"
EndProject
Project("{9A19103F-16F7-4668-BE54-9A1E7A4F7556}") = "Oop101.Polymorphism", "Oop101.Polymorphism\Oop101.Polymorphism.csproj", "{A9D8B086-27B1-4880-87DA-D447851FF653}"
EndProject
Project("{2150E333-8FDC-42A3-9474-1A3956D46DE8}") = "3. Gün", "3. Gün", "{FD35C1D5-7683-4D4C-B9E2-EE73B1FA5F87}"
EndProject
Project("{9A19103F-16F7-4668-BE54-9A1E7A4F7556}") = "MVC", "MVC\MVC.csproj", "{087DF689-C273-4E81-83D1-52DCF0376368}"
EndProject
Project("{2150E333-8FDC-42A3-9474-1A3956D46DE8}") = "4. Gün", "4. Gün", "{524EC796-5E85-4EB6-B033-37945D146BF0}"
EndProject
Project("{9A19103F-16F7-4668-BE54-9A1E7A4F7556}") = "Identity101", "Identity101\Identity101.csproj", "{4D1D810E-BAE4-47DD-9BE0-4F8554F95C1A}"
EndProject
Project("{2150E333-8FDC-42A3-9474-1A3956D46DE8}") = "5.Gün", "5.Gün", "{4E948193-F518-41CD-B88A-7B76C4537B50}"
EndProject
Project("{FAE04EC0-301F-11D3-BF4B-00C04F79EFBC}") = "WebApplication2", "WebApplication2\WebApplication2.csproj", "{28745386-053E-44F1-9835-CE8850203CBD}"
EndProject
Global
	GlobalSection(SolutionConfigurationPlatforms) = preSolution
		Debug|Any CPU = Debug|Any CPU
		Release|Any CPU = Release|Any CPU
	EndGlobalSection
	GlobalSection(ProjectConfigurationPlatforms) = postSolution
		{F195380B-8281-4E32-80E5-759506D9361D}.Debug|Any CPU.ActiveCfg = Debug|Any CPU
		{F195380B-8281-4E32-80E5-759506D9361D}.Debug|Any CPU.Build.0 = Debug|Any CPU
		{F195380B-8281-4E32-80E5-759506D9361D}.Release|Any CPU.ActiveCfg = Release|Any CPU
		{F195380B-8281-4E32-80E5-759506D9361D}.Release|Any CPU.Build.0 = Release|Any CPU
		{A9D8B086-27B1-4880-87DA-D447851FF653}.Debug|Any CPU.ActiveCfg = Debug|Any CPU
		{A9D8B086-27B1-4880-87DA-D447851FF653}.Debug|Any CPU.Build.0 = Debug|Any CPU
		{A9D8B086-27B1-4880-87DA-D447851FF653}.Release|Any CPU.ActiveCfg = Release|Any CPU
		{A9D8B086-27B1-4880-87DA-D447851FF653}.Release|Any CPU.Build.0 = Release|Any CPU
		{087DF689-C273-4E81-83D1-52DCF0376368}.Debug|Any CPU.ActiveCfg = Debug|Any CPU
		{087DF689-C273-4E81-83D1-52DCF0376368}.Debug|Any CPU.Build.0 = Debug|Any CPU
		{087DF689-C273-4E81-83D1-52DCF0376368}.Release|Any CPU.ActiveCfg = Release|Any CPU
		{087DF689-C273-4E81-83D1-52DCF0376368}.Release|Any CPU.Build.0 = Release|Any CPU
		{4D1D810E-BAE4-47DD-9BE0-4F8554F95C1A}.Debug|Any CPU.ActiveCfg = Debug|Any CPU
		{4D1D810E-BAE4-47DD-9BE0-4F8554F95C1A}.Debug|Any CPU.Build.0 = Debug|Any CPU
		{4D1D810E-BAE4-47DD-9BE0-4F8554F95C1A}.Release|Any CPU.ActiveCfg = Release|Any CPU
		{4D1D810E-BAE4-47DD-9BE0-4F8554F95C1A}.Release|Any CPU.Build.0 = Release|Any CPU
		{28745386-053E-44F1-9835-CE8850203CBD}.Debug|Any CPU.ActiveCfg = Debug|Any CPU
		{28745386-053E-44F1-9835-CE8850203CBD}.Debug|Any CPU.Build.0 = Debug|Any CPU
		{28745386-053E-44F1-9835-CE8850203CBD}.Release|Any CPU.ActiveCfg = Release|Any CPU
		{28745386-053E-44F1-9835-CE8850203CBD}.Release|Any CPU.Build.0 = Release|Any CPU
	EndGlobalSection
	GlobalSection(SolutionProperties) = preSolution
		HideSolutionNode = FALSE
	EndGlobalSection
	GlobalSection(NestedProjects) = preSolution
		{F195380B-8281-4E32-80E5-759506D9361D} = {093E6A59-8968-4BCC-A6B9-D9728A2B6AB7}
		{A9D8B086-27B1-4880-87DA-D447851FF653} = {9E712A6D-712E-4473-AA21-0383A315D8B3}
		{087DF689-C273-4E81-83D1-52DCF0376368} = {FD35C1D5-7683-4D4C-B9E2-EE73B1FA5F87}
		{4D1D810E-BAE4-47DD-9BE0-4F8554F95C1A} = {524EC796-5E85-4EB6-B033-37945D146BF0}
		{28745386-053E-44F1-9835-CE8850203CBD} = {4E948193-F518-41CD-B88A-7B76C4537B50}
	EndGlobalSection
	GlobalSection(ExtensibilityGlobals) = postSolution
		SolutionGuid = {D57083F0-E72C-4B16-A028-C7AB242E7EA5}
	EndGlobalSection
EndGlobal
